
Microsoft Visual Studio Solution File, Format Version 12.00
# Visual Studio Version 17
VisualStudioVersion = 17.0.31903.59
MinimumVisualStudioVersion = 10.0.40219.1
Project("{FAE04EC0-301F-11D3-BF4B-00C04F79EFBC}") = "Sync.Backend", "Sync.Backend\Sync.Backend.csproj", "{8DAC8200-E80C-4E60-8917-5BB52C3AB236}"
EndProject
Global
	GlobalSection(SolutionConfigurationPlatforms) = preSolution
		Debug|Any CPU = Debug|Any CPU
		Release|Any CPU = Release|Any CPU
	EndGlobalSection
	GlobalSection(SolutionProperties) = preSolution
		HideSolutionNode = FALSE
	EndGlobalSection
	GlobalSection(ProjectConfigurationPlatforms) = postSolution
		{8DAC8200-E80C-4E60-8917-5BB52C3AB236}.Debug|Any CPU.ActiveCfg = Debug|Any CPU
		{8DAC8200-E80C-4E60-8917-5BB52C3AB236}.Debug|Any CPU.Build.0 = Debug|Any CPU
		{8DAC8200-E80C-4E60-8917-5BB52C3AB236}.Release|Any CPU.ActiveCfg = Release|Any CPU
		{8DAC8200-E80C-4E60-8917-5BB52C3AB236}.Release|Any CPU.Build.0 = Release|Any CPU
		{AA6DAED0-3183-4ADF-850C-734AD1FB5DA6}.Debug|Any CPU.ActiveCfg = Debug|Any CPU
		{AA6DAED0-3183-4ADF-850C-734AD1FB5DA6}.Debug|Any CPU.Build.0 = Debug|Any CPU
		{AA6DAED0-3183-4ADF-850C-734AD1FB5DA6}.Release|Any CPU.ActiveCfg = Release|Any CPU
		{AA6DAED0-3183-4ADF-850C-734AD1FB5DA6}.Release|Any CPU.Build.0 = Release|Any CPU
	EndGlobalSection
EndGlobal
